
Microsoft Visual Studio Solution File, Format Version 12.00
# Visual Studio 15
VisualStudioVersion = 15.0.28307.1000
MinimumVisualStudioVersion = 10.0.40219.1
Project("{8BC9CEB8-8B4A-11D0-8D11-00A0C91BC942}") = "pybinding", "pybinding\pybinding.vcxproj", "{63FE9161-77DA-42CD-885A-99E14D085C14}"
	ProjectSection(ProjectDependencies) = postProject
		{4954AA64-AF2F-41F6-BD17-9FE3AB888370} = {4954AA64-AF2F-41F6-BD17-9FE3AB888370}
	EndProjectSection
EndProject
Project("{8BC9CEB8-8B4A-11D0-8D11-00A0C91BC942}") = "pybind_module", "pybind_module\pybind_module.vcxproj", "{4954AA64-AF2F-41F6-BD17-9FE3AB888370}"
EndProject
Project("{2150E333-8FDC-42A3-9474-1A3956D46DE8}") = "Solution Items", "Solution Items", "{33C928F6-9BC7-4551-8CB2-DB98B9066177}"
	ProjectSection(SolutionItems) = preProject
		x64\Release\bestie.py = x64\Release\bestie.py
		x64\Debug\bestie.py = x64\Debug\bestie.py
	EndProjectSection
EndProject
Global
	GlobalSection(SolutionConfigurationPlatforms) = preSolution
		Debug|x64 = Debug|x64
		Debug|x86 = Debug|x86
		Release|x64 = Release|x64
		Release|x86 = Release|x86
	EndGlobalSection
	GlobalSection(ProjectConfigurationPlatforms) = postSolution
		{63FE9161-77DA-42CD-885A-99E14D085C14}.Debug|x64.ActiveCfg = Debug|x64
		{63FE9161-77DA-42CD-885A-99E14D085C14}.Debug|x64.Build.0 = Debug|x64
		{63FE9161-77DA-42CD-885A-99E14D085C14}.Debug|x86.ActiveCfg = Debug|x64
		{63FE9161-77DA-42CD-885A-99E14D085C14}.Release|x64.ActiveCfg = Release|x64
		{63FE9161-77DA-42CD-885A-99E14D085C14}.Release|x64.Build.0 = Release|x64
		{63FE9161-77DA-42CD-885A-99E14D085C14}.Release|x86.ActiveCfg = Release|x64
		{4954AA64-AF2F-41F6-BD17-9FE3AB888370}.Debug|x64.ActiveCfg = Debug|x64
		{4954AA64-AF2F-41F6-BD17-9FE3AB888370}.Debug|x64.Build.0 = Debug|x64
		{4954AA64-AF2F-41F6-BD17-9FE3AB888370}.Debug|x86.ActiveCfg = Debug|Win32
		{4954AA64-AF2F-41F6-BD17-9FE3AB888370}.Debug|x86.Build.0 = Debug|Win32
		{4954AA64-AF2F-41F6-BD17-9FE3AB888370}.Release|x64.ActiveCfg = Release|x64
		{4954AA64-AF2F-41F6-BD17-9FE3AB888370}.Release|x64.Build.0 = Release|x64
		{4954AA64-AF2F-41F6-BD17-9FE3AB888370}.Release|x86.ActiveCfg = Release|Win32
		{4954AA64-AF2F-41F6-BD17-9FE3AB888370}.Release|x86.Build.0 = Release|Win32
	EndGlobalSection
	GlobalSection(SolutionProperties) = preSolution
		HideSolutionNode = FALSE
	EndGlobalSection
	GlobalSection(ExtensibilityGlobals) = postSolution
		SolutionGuid = {E14BDC05-D79C-437D-BE14-3BB1C97C8932}
	EndGlobalSection
EndGlobal
